
Microsoft Visual Studio Solution File, Format Version 12.00
# Visual Studio Version 17
VisualStudioVersion = 17.8.34322.80
MinimumVisualStudioVersion = 10.0.40219.1
Project("{FAE04EC0-301F-11D3-BF4B-00C04F79EFBC}") = "WindowsFormsApp1", "WindowsFormsApp1.csproj", "{FAF8F62F-B28F-4F83-9300-E78ADBB4F5E5}"
EndProject
Global
	GlobalSection(SolutionConfigurationPlatforms) = preSolution
		Debug|Any CPU = Debug|Any CPU
		Release|Any CPU = Release|Any CPU
	EndGlobalSection
	GlobalSection(ProjectConfigurationPlatforms) = postSolution
		{FAF8F62F-B28F-4F83-9300-E78ADBB4F5E5}.Debug|Any CPU.ActiveCfg = Debug|Any CPU
		{FAF8F62F-B28F-4F83-9300-E78ADBB4F5E5}.Debug|Any CPU.Build.0 = Debug|Any CPU
		{FAF8F62F-B28F-4F83-9300-E78ADBB4F5E5}.Release|Any CPU.ActiveCfg = Release|Any CPU
		{FAF8F62F-B28F-4F83-9300-E78ADBB4F5E5}.Release|Any CPU.Build.0 = Release|Any CPU
	EndGlobalSection
	GlobalSection(SolutionProperties) = preSolution
		HideSolutionNode = FALSE
	EndGlobalSection
	GlobalSection(ExtensibilityGlobals) = postSolution
		SolutionGuid = {3B15B1F0-6078-4478-91F3-681663FE6A46}
	EndGlobalSection
EndGlobal
